{
  "name": "test-class-validator",
  "version": "1.0.0",
  "lockfileVersion": 2,
  "requires": true,
  "packages": {
    "": {
      "name": "test-class-validator",
      "version": "1.0.0",
      "license": "ISC",
      "dependencies": {
        "class-validator": "^0.14.1"
      },
      "devDependencies": {
        "typescript": "^5.4.5"
      }
    },
    "node_modules/@types/validator": {
      "version": "13.11.10",
      "resolved": "https://registry.npmjs.org/@types/validator/-/validator-13.11.10.tgz",
      "integrity": "sha512-e2PNXoXLr6Z+dbfx5zSh9TRlXJrELycxiaXznp4S5+D2M3b9bqJEitNHA5923jhnB2zzFiZHa2f0SI1HoIahpg=="
    },
    "node_modules/class-validator": {
      "version": "0.14.1",
      "resolved": "https://registry.npmjs.org/class-validator/-/class-validator-0.14.1.tgz",
      "integrity": "sha512-2VEG9JICxIqTpoK1eMzZqaV+u/EiwEJkMGzTrZf6sU/fwsnOITVgYJ8yojSy6CaXtO9V0Cc6ZQZ8h8m4UBuLwQ==",
      "dependencies": {
        "@types/validator": "^13.11.8",
        "libphonenumber-js": "^1.10.53",
        "validator": "^13.9.0"
      }
    },
    "node_modules/libphonenumber-js": {
      "version": "1.11.1",
      "resolved": "https://registry.npmjs.org/libphonenumber-js/-/libphonenumber-js-1.11.1.tgz",
      "integrity": "sha512-Wze1LPwcnzvcKGcRHFGFECTaLzxOtujwpf924difr5zniyYv1C2PiW0419qDR7m8lKDxsImu5mwxFuXhXpjmvw=="
    },
    "node_modules/typescript": {
      "version": "5.4.5",
      "resolved": "https://registry.npmjs.org/typescript/-/typescript-5.4.5.tgz",
      "integrity": "sha512-vcI4UpRgg81oIRUFwR0WSIHKt11nJ7SAVlYNIu+QpqeyXP+gpQJy/Z4+F0aGxSE4MqwjyXvW/TzgkLAx2AGHwQ==",
      "dev": true,
      "bin": {
        "tsc": "bin/tsc",
        "tsserver": "bin/tsserver"
      },
      "engines": {
        "node": ">=14.17"
      }
    },
    "node_modules/validator": {
      "version": "13.12.0",
      "resolved": "https://registry.npmjs.org/validator/-/validator-13.12.0.tgz",
      "integrity": "sha512-c1Q0mCiPlgdTVVVIJIrBuxNicYE+t/7oKeI9MWLj3fh/uq2Pxh/3eeWbVZ4OcGW1TUf53At0njHw5SMdA3tmMg==",
      "engines": {
        "node": ">= 0.10"
      }
    }
  },
  "dependencies": {
    "@types/validator": {
      "version": "13.11.10",
      "resolved": "https://registry.npmjs.org/@types/validator/-/validator-13.11.10.tgz",
      "integrity": "sha512-e2PNXoXLr6Z+dbfx5zSh9TRlXJrELycxiaXznp4S5+D2M3b9bqJEitNHA5923jhnB2zzFiZHa2f0SI1HoIahpg=="
    },
    "class-validator": {
      "version": "0.14.1",
      "resolved": "https://registry.npmjs.org/class-validator/-/class-validator-0.14.1.tgz",
      "integrity": "sha512-2VEG9JICxIqTpoK1eMzZqaV+u/EiwEJkMGzTrZf6sU/fwsnOITVgYJ8yojSy6CaXtO9V0Cc6ZQZ8h8m4UBuLwQ==",
      "requires": {
        "@types/validator": "^13.11.8",
        "libphonenumber-js": "^1.10.53",
        "validator": "^13.9.0"
      }
    },
    "libphonenumber-js": {
      "version": "1.11.1",
      "resolved": "https://registry.npmjs.org/libphonenumber-js/-/libphonenumber-js-1.11.1.tgz",
      "integrity": "sha512-Wze1LPwcnzvcKGcRHFGFECTaLzxOtujwpf924difr5zniyYv1C2PiW0419qDR7m8lKDxsImu5mwxFuXhXpjmvw=="
    },
    "typescript": {
      "version": "5.4.5",
      "resolved": "https://registry.npmjs.org/typescript/-/typescript-5.4.5.tgz",
      "integrity": "sha512-vcI4UpRgg81oIRUFwR0WSIHKt11nJ7SAVlYNIu+QpqeyXP+gpQJy/Z4+F0aGxSE4MqwjyXvW/TzgkLAx2AGHwQ==",
      "dev": true
    },
    "validator": {
      "version": "13.12.0",
      "resolved": "https://registry.npmjs.org/validator/-/validator-13.12.0.tgz",
      "integrity": "sha512-c1Q0mCiPlgdTVVVIJIrBuxNicYE+t/7oKeI9MWLj3fh/uq2Pxh/3eeWbVZ4OcGW1TUf53At0njHw5SMdA3tmMg=="
    }
  }
}
